
Microsoft Visual Studio Solution File, Format Version 12.00
# Visual Studio Version 17
VisualStudioVersion = 17.9.34902.65
MinimumVisualStudioVersion = 10.0.40219.1
Project("{FAE04EC0-301F-11D3-BF4B-00C04F79EFBC}") = "SleepLock", "SleepLock.csproj", "{9EA4FEC6-12B2-45C2-81B8-4CA1A9AFC47B}"
EndProject
Global
	GlobalSection(SolutionConfigurationPlatforms) = preSolution
		Debug|Any CPU = Debug|Any CPU
		Release|Any CPU = Release|Any CPU
	EndGlobalSection
	GlobalSection(ProjectConfigurationPlatforms) = postSolution
		{9EA4FEC6-12B2-45C2-81B8-4CA1A9AFC47B}.Debug|Any CPU.ActiveCfg = Debug|Any CPU
		{9EA4FEC6-12B2-45C2-81B8-4CA1A9AFC47B}.Debug|Any CPU.Build.0 = Debug|Any CPU
		{9EA4FEC6-12B2-45C2-81B8-4CA1A9AFC47B}.Release|Any CPU.ActiveCfg = Release|Any CPU
		{9EA4FEC6-12B2-45C2-81B8-4CA1A9AFC47B}.Release|Any CPU.Build.0 = Release|Any CPU
	EndGlobalSection
	GlobalSection(SolutionProperties) = preSolution
		HideSolutionNode = FALSE
	EndGlobalSection
	GlobalSection(ExtensibilityGlobals) = postSolution
		SolutionGuid = {587979BC-2E67-4183-AAF4-AC71369EDCA2}
	EndGlobalSection
EndGlobal
