
Microsoft Visual Studio Solution File, Format Version 12.00
# Visual Studio Version 17
VisualStudioVersion = 17.9.34902.65
MinimumVisualStudioVersion = 10.0.40219.1
Project("{FAE04EC0-301F-11D3-BF4B-00C04F79EFBC}") = "Timer_Test", "Timer_Test.csproj", "{8574ACE1-42FE-4E73-BE8A-F814E3B413E3}"
EndProject
Global
	GlobalSection(SolutionConfigurationPlatforms) = preSolution
		Debug|Any CPU = Debug|Any CPU
		Release|Any CPU = Release|Any CPU
	EndGlobalSection
	GlobalSection(ProjectConfigurationPlatforms) = postSolution
		{8574ACE1-42FE-4E73-BE8A-F814E3B413E3}.Debug|Any CPU.ActiveCfg = Debug|Any CPU
		{8574ACE1-42FE-4E73-BE8A-F814E3B413E3}.Debug|Any CPU.Build.0 = Debug|Any CPU
		{8574ACE1-42FE-4E73-BE8A-F814E3B413E3}.Release|Any CPU.ActiveCfg = Release|Any CPU
		{8574ACE1-42FE-4E73-BE8A-F814E3B413E3}.Release|Any CPU.Build.0 = Release|Any CPU
	EndGlobalSection
	GlobalSection(SolutionProperties) = preSolution
		HideSolutionNode = FALSE
	EndGlobalSection
	GlobalSection(ExtensibilityGlobals) = postSolution
		SolutionGuid = {1CF4D221-B21A-4350-95C4-178CAC0F901D}
	EndGlobalSection
EndGlobal
