
Microsoft Visual Studio Solution File, Format Version 12.00
# Visual Studio Version 17
VisualStudioVersion = 17.9.34902.65
MinimumVisualStudioVersion = 10.0.40219.1
Project("{FAE04EC0-301F-11D3-BF4B-00C04F79EFBC}") = "SqlServer", "SqlServer.csproj", "{FC73433A-4877-4DA6-81A7-FF81FCC8B8CF}"
EndProject
Global
	GlobalSection(SolutionConfigurationPlatforms) = preSolution
		Debug|Any CPU = Debug|Any CPU
		Release|Any CPU = Release|Any CPU
	EndGlobalSection
	GlobalSection(ProjectConfigurationPlatforms) = postSolution
		{FC73433A-4877-4DA6-81A7-FF81FCC8B8CF}.Debug|Any CPU.ActiveCfg = Debug|Any CPU
		{FC73433A-4877-4DA6-81A7-FF81FCC8B8CF}.Debug|Any CPU.Build.0 = Debug|Any CPU
		{FC73433A-4877-4DA6-81A7-FF81FCC8B8CF}.Release|Any CPU.ActiveCfg = Release|Any CPU
		{FC73433A-4877-4DA6-81A7-FF81FCC8B8CF}.Release|Any CPU.Build.0 = Release|Any CPU
	EndGlobalSection
	GlobalSection(SolutionProperties) = preSolution
		HideSolutionNode = FALSE
	EndGlobalSection
	GlobalSection(ExtensibilityGlobals) = postSolution
		SolutionGuid = {ABA95372-333E-4717-9C18-ECDCACEBECD9}
	EndGlobalSection
EndGlobal
