
Microsoft Visual Studio Solution File, Format Version 12.00
# Visual Studio Version 17
VisualStudioVersion = 17.9.34902.65
MinimumVisualStudioVersion = 10.0.40219.1
Project("{FAE04EC0-301F-11D3-BF4B-00C04F79EFBC}") = "SQLITE", "SQLITE.csproj", "{EB875627-30E8-41ED-9FF4-73823CB0F74D}"
EndProject
Global
	GlobalSection(SolutionConfigurationPlatforms) = preSolution
		Debug|Any CPU = Debug|Any CPU
		Release|Any CPU = Release|Any CPU
	EndGlobalSection
	GlobalSection(ProjectConfigurationPlatforms) = postSolution
		{EB875627-30E8-41ED-9FF4-73823CB0F74D}.Debug|Any CPU.ActiveCfg = Debug|Any CPU
		{EB875627-30E8-41ED-9FF4-73823CB0F74D}.Debug|Any CPU.Build.0 = Debug|Any CPU
		{EB875627-30E8-41ED-9FF4-73823CB0F74D}.Release|Any CPU.ActiveCfg = Release|Any CPU
		{EB875627-30E8-41ED-9FF4-73823CB0F74D}.Release|Any CPU.Build.0 = Release|Any CPU
	EndGlobalSection
	GlobalSection(SolutionProperties) = preSolution
		HideSolutionNode = FALSE
	EndGlobalSection
	GlobalSection(ExtensibilityGlobals) = postSolution
		SolutionGuid = {EC85C4CA-507C-4FB6-A74F-43006855B6BD}
	EndGlobalSection
EndGlobal
